<?xml version="1.0" encoding="UTF-8" standalone="yes" ?>
<CodeBlocks_project_file>
	<FileVersion major="1" minor="6" />
	<Project>
		<Option title="Gestion de Aulas" />
		<Option pch_mode="2" />
		<Option compiler="gcc" />
		<Build>
			<Target title="Debug">
				<Option output="bin/Debug/Gestion de Aulas" prefix_auto="1" extension_auto="1" />
				<Option object_output="obj/Debug/" />
				<Option type="1" />
				<Option compiler="gcc" />
				<Compiler>
					<Add option="-g" />
				</Compiler>
			</Target>
			<Target title="Release">
				<Option output="bin/Release/Gestion de Aulas" prefix_auto="1" extension_auto="1" />
				<Option object_output="obj/Release/" />
				<Option type="1" />
				<Option compiler="gcc" />
				<Compiler>
					<Add option="-O2" />
				</Compiler>
				<Linker>
					<Add option="-s" />
				</Linker>
			</Target>
		</Build>
		<Compiler>
			<Add option="-Wall" />
			<Add option="-fexceptions" />
		</Compiler>
		<Unit filename="Cadena.h" />
		<Unit filename="Declaraciones.h" />
		<Unit filename="Funciones.h" />
		<Unit filename="Paginas_Menus.h" />
		<Unit filename="clsAdministrador.h" />
		<Unit filename="clsAula.h" />
		<Unit filename="clsComision.h" />
		<Unit filename="clsDepartamento.h" />
		<Unit filename="clsDias.h">
			<Option target="&lt;{~None~}&gt;" />
		</Unit>
		<Unit filename="clsPersona.h" />
		<Unit filename="clsUsuario.h" />
		<Unit filename="main.cpp" />
		<Unit filename="rlutil.h" />
		<Extensions />
	</Project>
</CodeBlocks_project_file>
